
Microsoft Visual Studio Solution File, Format Version 12.00
# Visual Studio Version 16
VisualStudioVersion = 16.0.29020.237
MinimumVisualStudioVersion = 10.0.40219.1
Project("{FAE04EC0-301F-11D3-BF4B-00C04F79EFBC}") = "UOW.Models", "UOW\UOW.Models.csproj", "{1FDAC585-10A4-42C6-9418-DF87BDBBEE0B}"
EndProject
Project("{FAE04EC0-301F-11D3-BF4B-00C04F79EFBC}") = "UOW.Data", "UOW.Repository\UOW.Data.csproj", "{5B9A1FEE-E83F-4483-970F-4005394F6D38}"
EndProject
Project("{FAE04EC0-301F-11D3-BF4B-00C04F79EFBC}") = "UOW.Console", "UOw.Console\UOW.Console.csproj", "{44F2D8AA-6481-4374-9BE9-78AF905221A2}"
EndProject
Global
	GlobalSection(SolutionConfigurationPlatforms) = preSolution
		Debug|Any CPU = Debug|Any CPU
		Release|Any CPU = Release|Any CPU
	EndGlobalSection
	GlobalSection(ProjectConfigurationPlatforms) = postSolution
		{1FDAC585-10A4-42C6-9418-DF87BDBBEE0B}.Debug|Any CPU.ActiveCfg = Debug|Any CPU
		{1FDAC585-10A4-42C6-9418-DF87BDBBEE0B}.Debug|Any CPU.Build.0 = Debug|Any CPU
		{1FDAC585-10A4-42C6-9418-DF87BDBBEE0B}.Release|Any CPU.ActiveCfg = Release|Any CPU
		{1FDAC585-10A4-42C6-9418-DF87BDBBEE0B}.Release|Any CPU.Build.0 = Release|Any CPU
		{5B9A1FEE-E83F-4483-970F-4005394F6D38}.Debug|Any CPU.ActiveCfg = Debug|Any CPU
		{5B9A1FEE-E83F-4483-970F-4005394F6D38}.Debug|Any CPU.Build.0 = Debug|Any CPU
		{5B9A1FEE-E83F-4483-970F-4005394F6D38}.Release|Any CPU.ActiveCfg = Release|Any CPU
		{5B9A1FEE-E83F-4483-970F-4005394F6D38}.Release|Any CPU.Build.0 = Release|Any CPU
		{44F2D8AA-6481-4374-9BE9-78AF905221A2}.Debug|Any CPU.ActiveCfg = Debug|Any CPU
		{44F2D8AA-6481-4374-9BE9-78AF905221A2}.Debug|Any CPU.Build.0 = Debug|Any CPU
		{44F2D8AA-6481-4374-9BE9-78AF905221A2}.Release|Any CPU.ActiveCfg = Release|Any CPU
		{44F2D8AA-6481-4374-9BE9-78AF905221A2}.Release|Any CPU.Build.0 = Release|Any CPU
	EndGlobalSection
	GlobalSection(SolutionProperties) = preSolution
		HideSolutionNode = FALSE
	EndGlobalSection
	GlobalSection(ExtensibilityGlobals) = postSolution
		SolutionGuid = {E7617207-8D1E-4443-82B4-F3417E674A99}
	EndGlobalSection
EndGlobal
